// !$*UTF8*$!
{
	archiveVersion = 1;
	classes = {
	};
	objectVersion = 46;
	objects = {

/* Begin PBXBuildFile section */
		D00B447D1E8C2B6B0043D584 /* PhotoDataSource.swift in Sources */ = {isa = PBXBuildFile; fileRef = D00B447C1E8C2B6B0043D584 /* PhotoDataSource.swift */; };
		D00B447F1E8C2CB50043D584 /* PhotoCollectionViewCell.swift in Sources */ = {isa = PBXBuildFile; fileRef = D00B447E1E8C2CB50043D584 /* PhotoCollectionViewCell.swift */; };
		D00B44811E8C30770043D584 /* ImageStore.swift in Sources */ = {isa = PBXBuildFile; fileRef = D00B44801E8C30770043D584 /* ImageStore.swift */; };
		D00B44831E8C32EC0043D584 /* PhotoInfoViewController.swift in Sources */ = {isa = PBXBuildFile; fileRef = D00B44821E8C32EC0043D584 /* PhotoInfoViewController.swift */; };
		D00B44861E8C368C0043D584 /* Photorama.xcdatamodeld in Sources */ = {isa = PBXBuildFile; fileRef = D00B44841E8C368C0043D584 /* Photorama.xcdatamodeld */; };
		D00B44891E8C377D0043D584 /* Photo+CoreDataClass.swift in Sources */ = {isa = PBXBuildFile; fileRef = D00B44871E8C377D0043D584 /* Photo+CoreDataClass.swift */; };
		D00B448A1E8C377D0043D584 /* Photo+CoreDataProperties.swift in Sources */ = {isa = PBXBuildFile; fileRef = D00B44881E8C377D0043D584 /* Photo+CoreDataProperties.swift */; };
		D01A76F01E8BEF7100EB9B3A /* AppDelegate.swift in Sources */ = {isa = PBXBuildFile; fileRef = D01A76EF1E8BEF7100EB9B3A /* AppDelegate.swift */; };
		D01A76F21E8BEF7100EB9B3A /* PhotosViewController.swift in Sources */ = {isa = PBXBuildFile; fileRef = D01A76F11E8BEF7100EB9B3A /* PhotosViewController.swift */; };
		D01A76F51E8BEF7100EB9B3A /* Main.storyboard in Resources */ = {isa = PBXBuildFile; fileRef = D01A76F31E8BEF7100EB9B3A /* Main.storyboard */; };
		D01A76F71E8BEF7100EB9B3A /* Assets.xcassets in Resources */ = {isa = PBXBuildFile; fileRef = D01A76F61E8BEF7100EB9B3A /* Assets.xcassets */; };
		D01A76FA1E8BEF7100EB9B3A /* LaunchScreen.storyboard in Resources */ = {isa = PBXBuildFile; fileRef = D01A76F81E8BEF7100EB9B3A /* LaunchScreen.storyboard */; };
		D01A77051E8BEF7200EB9B3A /* PhotoramaTests.swift in Sources */ = {isa = PBXBuildFile; fileRef = D01A77041E8BEF7200EB9B3A /* PhotoramaTests.swift */; };
		D01A77101E8BEF7200EB9B3A /* PhotoramaUITests.swift in Sources */ = {isa = PBXBuildFile; fileRef = D01A770F1E8BEF7200EB9B3A /* PhotoramaUITests.swift */; };
		D01A771E1E8BF43A00EB9B3A /* FlickrAPI.swift in Sources */ = {isa = PBXBuildFile; fileRef = D01A771D1E8BF43A00EB9B3A /* FlickrAPI.swift */; };
		D01A77201E8BFAAC00EB9B3A /* PhotoStore.swift in Sources */ = {isa = PBXBuildFile; fileRef = D01A771F1E8BFAAC00EB9B3A /* PhotoStore.swift */; };
/* End PBXBuildFile section */

/* Begin PBXContainerItemProxy section */
		D01A77011E8BEF7100EB9B3A /* PBXContainerItemProxy */ = {
			isa = PBXContainerItemProxy;
			containerPortal = D01A76E41E8BEF7100EB9B3A /* Project object */;
			proxyType = 1;
			remoteGlobalIDString = D01A76EB1E8BEF7100EB9B3A;
			remoteInfo = Photorama;
		};
		D01A770C1E8BEF7200EB9B3A /* PBXContainerItemProxy */ = {
			isa = PBXContainerItemProxy;
			containerPortal = D01A76E41E8BEF7100EB9B3A /* Project object */;
			proxyType = 1;
			remoteGlobalIDString = D01A76EB1E8BEF7100EB9B3A;
			remoteInfo = Photorama;
		};
/* End PBXContainerItemProxy section */

/* Begin PBXFileReference section */
		D00B447C1E8C2B6B0043D584 /* PhotoDataSource.swift */ = {isa = PBXFileReference; fileEncoding = 4; lastKnownFileType = sourcecode.swift; path = PhotoDataSource.swift; sourceTree = "<group>"; };
		D00B447E1E8C2CB50043D584 /* PhotoCollectionViewCell.swift */ = {isa = PBXFileReference; fileEncoding = 4; lastKnownFileType = sourcecode.swift; path = PhotoCollectionViewCell.swift; sourceTree = "<group>"; };
		D00B44801E8C30770043D584 /* ImageStore.swift */ = {isa = PBXFileReference; fileEncoding = 4; lastKnownFileType = sourcecode.swift; path = ImageStore.swift; sourceTree = "<group>"; };
		D00B44821E8C32EC0043D584 /* PhotoInfoViewController.swift */ = {isa = PBXFileReference; fileEncoding = 4; lastKnownFileType = sourcecode.swift; path = PhotoInfoViewController.swift; sourceTree = "<group>"; };
		D00B44851E8C368C0043D584 /* Photorama.xcdatamodel */ = {isa = PBXFileReference; lastKnownFileType = wrapper.xcdatamodel; path = Photorama.xcdatamodel; sourceTree = "<group>"; };
		D00B44871E8C377D0043D584 /* Photo+CoreDataClass.swift */ = {isa = PBXFileReference; fileEncoding = 4; lastKnownFileType = sourcecode.swift; path = "Photo+CoreDataClass.swift"; sourceTree = "<group>"; };
		D00B44881E8C377D0043D584 /* Photo+CoreDataProperties.swift */ = {isa = PBXFileReference; fileEncoding = 4; lastKnownFileType = sourcecode.swift; path = "Photo+CoreDataProperties.swift"; sourceTree = "<group>"; };
		D01A76EC1E8BEF7100EB9B3A /* Photorama.app */ = {isa = PBXFileReference; explicitFileType = wrapper.application; includeInIndex = 0; path = Photorama.app; sourceTree = BUILT_PRODUCTS_DIR; };
		D01A76EF1E8BEF7100EB9B3A /* AppDelegate.swift */ = {isa = PBXFileReference; lastKnownFileType = sourcecode.swift; path = AppDelegate.swift; sourceTree = "<group>"; };
		D01A76F11E8BEF7100EB9B3A /* PhotosViewController.swift */ = {isa = PBXFileReference; lastKnownFileType = sourcecode.swift; path = PhotosViewController.swift; sourceTree = "<group>"; };
		D01A76F41E8BEF7100EB9B3A /* Base */ = {isa = PBXFileReference; lastKnownFileType = file.storyboard; name = Base; path = Base.lproj/Main.storyboard; sourceTree = "<group>"; };
		D01A76F61E8BEF7100EB9B3A /* Assets.xcassets */ = {isa = PBXFileReference; lastKnownFileType = folder.assetcatalog; path = Assets.xcassets; sourceTree = "<group>"; };
		D01A76F91E8BEF7100EB9B3A /* Base */ = {isa = PBXFileReference; lastKnownFileType = file.storyboard; name = Base; path = Base.lproj/LaunchScreen.storyboard; sourceTree = "<group>"; };
		D01A76FB1E8BEF7100EB9B3A /* Info.plist */ = {isa = PBXFileReference; lastKnownFileType = text.plist.xml; path = Info.plist; sourceTree = "<group>"; };
		D01A77001E8BEF7100EB9B3A /* PhotoramaTests.xctest */ = {isa = PBXFileReference; explicitFileType = wrapper.cfbundle; includeInIndex = 0; path = PhotoramaTests.xctest; sourceTree = BUILT_PRODUCTS_DIR; };
		D01A77041E8BEF7200EB9B3A /* PhotoramaTests.swift */ = {isa = PBXFileReference; lastKnownFileType = sourcecode.swift; path = PhotoramaTests.swift; sourceTree = "<group>"; };
		D01A77061E8BEF7200EB9B3A /* Info.plist */ = {isa = PBXFileReference; lastKnownFileType = text.plist.xml; path = Info.plist; sourceTree = "<group>"; };
		D01A770B1E8BEF7200EB9B3A /* PhotoramaUITests.xctest */ = {isa = PBXFileReference; explicitFileType = wrapper.cfbundle; includeInIndex = 0; path = PhotoramaUITests.xctest; sourceTree = BUILT_PRODUCTS_DIR; };
		D01A770F1E8BEF7200EB9B3A /* PhotoramaUITests.swift */ = {isa = PBXFileReference; lastKnownFileType = sourcecode.swift; path = PhotoramaUITests.swift; sourceTree = "<group>"; };
		D01A77111E8BEF7200EB9B3A /* Info.plist */ = {isa = PBXFileReference; lastKnownFileType = text.plist.xml; path = Info.plist; sourceTree = "<group>"; };
		D01A771D1E8BF43A00EB9B3A /* FlickrAPI.swift */ = {isa = PBXFileReference; fileEncoding = 4; lastKnownFileType = sourcecode.swift; path = FlickrAPI.swift; sourceTree = "<group>"; };
		D01A771F1E8BFAAC00EB9B3A /* PhotoStore.swift */ = {isa = PBXFileReference; fileEncoding = 4; lastKnownFileType = sourcecode.swift; path = PhotoStore.swift; sourceTree = "<group>"; };
/* End PBXFileReference section */

/* Begin PBXFrameworksBuildPhase section */
		D01A76E91E8BEF7100EB9B3A /* Frameworks */ = {
			isa = PBXFrameworksBuildPhase;
			buildActionMask = 2147483647;
			files = (
			);
			runOnlyForDeploymentPostprocessing = 0;
		};
		D01A76FD1E8BEF7100EB9B3A /* Frameworks */ = {
			isa = PBXFrameworksBuildPhase;
			buildActionMask = 2147483647;
			files = (
			);
			runOnlyForDeploymentPostprocessing = 0;
		};
		D01A77081E8BEF7200EB9B3A /* Frameworks */ = {
			isa = PBXFrameworksBuildPhase;
			buildActionMask = 2147483647;
			files = (
			);
			runOnlyForDeploymentPostprocessing = 0;
		};
/* End PBXFrameworksBuildPhase section */

/* Begin PBXGroup section */
		D01A76E31E8BEF7100EB9B3A = {
			isa = PBXGroup;
			children = (
				D00B44871E8C377D0043D584 /* Photo+CoreDataClass.swift */,
				D00B44881E8C377D0043D584 /* Photo+CoreDataProperties.swift */,
				D01A76EE1E8BEF7100EB9B3A /* Photorama */,
				D01A77031E8BEF7100EB9B3A /* PhotoramaTests */,
				D01A770E1E8BEF7200EB9B3A /* PhotoramaUITests */,
				D01A76ED1E8BEF7100EB9B3A /* Products */,
			);
			sourceTree = "<group>";
		};
		D01A76ED1E8BEF7100EB9B3A /* Products */ = {
			isa = PBXGroup;
			children = (
				D01A76EC1E8BEF7100EB9B3A /* Photorama.app */,
				D01A77001E8BEF7100EB9B3A /* PhotoramaTests.xctest */,
				D01A770B1E8BEF7200EB9B3A /* PhotoramaUITests.xctest */,
			);
			name = Products;
			sourceTree = "<group>";
		};
		D01A76EE1E8BEF7100EB9B3A /* Photorama */ = {
			isa = PBXGroup;
			children = (
				D01A76EF1E8BEF7100EB9B3A /* AppDelegate.swift */,
				D01A76F11E8BEF7100EB9B3A /* PhotosViewController.swift */,
				D01A76F31E8BEF7100EB9B3A /* Main.storyboard */,
				D01A76F61E8BEF7100EB9B3A /* Assets.xcassets */,
				D01A76F81E8BEF7100EB9B3A /* LaunchScreen.storyboard */,
				D01A76FB1E8BEF7100EB9B3A /* Info.plist */,
				D01A771D1E8BF43A00EB9B3A /* FlickrAPI.swift */,
				D01A771F1E8BFAAC00EB9B3A /* PhotoStore.swift */,
				D00B447C1E8C2B6B0043D584 /* PhotoDataSource.swift */,
				D00B447E1E8C2CB50043D584 /* PhotoCollectionViewCell.swift */,
				D00B44801E8C30770043D584 /* ImageStore.swift */,
				D00B44821E8C32EC0043D584 /* PhotoInfoViewController.swift */,
				D00B44841E8C368C0043D584 /* Photorama.xcdatamodeld */,
			);
			path = Photorama;
			sourceTree = "<group>";
		};
		D01A77031E8BEF7100EB9B3A /* PhotoramaTests */ = {
			isa = PBXGroup;
			children = (
				D01A77041E8BEF7200EB9B3A /* PhotoramaTests.swift */,
				D01A77061E8BEF7200EB9B3A /* Info.plist */,
			);
			path = PhotoramaTests;
			sourceTree = "<group>";
		};
		D01A770E1E8BEF7200EB9B3A /* PhotoramaUITests */ = {
			isa = PBXGroup;
			children = (
				D01A770F1E8BEF7200EB9B3A /* PhotoramaUITests.swift */,
				D01A77111E8BEF7200EB9B3A /* Info.plist */,
			);
			path = PhotoramaUITests;
			sourceTree = "<group>";
		};
/* End PBXGroup section */

/* Begin PBXNativeTarget section */
		D01A76EB1E8BEF7100EB9B3A /* Photorama */ = {
			isa = PBXNativeTarget;
			buildConfigurationList = D01A77141E8BEF7200EB9B3A /* Build configuration list for PBXNativeTarget "Photorama" */;
			buildPhases = (
				D01A76E81E8BEF7100EB9B3A /* Sources */,
				D01A76E91E8BEF7100EB9B3A /* Frameworks */,
				D01A76EA1E8BEF7100EB9B3A /* Resources */,
			);
			buildRules = (
			);
			dependencies = (
			);
			name = Photorama;
			productName = Photorama;
			productReference = D01A76EC1E8BEF7100EB9B3A /* Photorama.app */;
			productType = "com.apple.product-type.application";
		};
		D01A76FF1E8BEF7100EB9B3A /* PhotoramaTests */ = {
			isa = PBXNativeTarget;
			buildConfigurationList = D01A77171E8BEF7200EB9B3A /* Build configuration list for PBXNativeTarget "PhotoramaTests" */;
			buildPhases = (
				D01A76FC1E8BEF7100EB9B3A /* Sources */,
				D01A76FD1E8BEF7100EB9B3A /* Frameworks */,
				D01A76FE1E8BEF7100EB9B3A /* Resources */,
			);
			buildRules = (
			);
			dependencies = (
				D01A77021E8BEF7100EB9B3A /* PBXTargetDependency */,
			);
			name = PhotoramaTests;
			productName = PhotoramaTests;
			productReference = D01A77001E8BEF7100EB9B3A /* PhotoramaTests.xctest */;
			productType = "com.apple.product-type.bundle.unit-test";
		};
		D01A770A1E8BEF7200EB9B3A /* PhotoramaUITests */ = {
			isa = PBXNativeTarget;
			buildConfigurationList = D01A771A1E8BEF7200EB9B3A /* Build configuration list for PBXNativeTarget "PhotoramaUITests" */;
			buildPhases = (
				D01A77071E8BEF7200EB9B3A /* Sources */,
				D01A77081E8BEF7200EB9B3A /* Frameworks */,
				D01A77091E8BEF7200EB9B3A /* Resources */,
			);
			buildRules = (
			);
			dependencies = (
				D01A770D1E8BEF7200EB9B3A /* PBXTargetDependency */,
			);
			name = PhotoramaUITests;
			productName = PhotoramaUITests;
			productReference = D01A770B1E8BEF7200EB9B3A /* PhotoramaUITests.xctest */;
			productType = "com.apple.product-type.bundle.ui-testing";
		};
/* End PBXNativeTarget section */

/* Begin PBXProject section */
		D01A76E41E8BEF7100EB9B3A /* Project object */ = {
			isa = PBXProject;
			attributes = {
				LastSwiftUpdateCheck = 0830;
				LastUpgradeCheck = 0830;
				ORGANIZATIONNAME = McKesson;
				TargetAttributes = {
					D01A76EB1E8BEF7100EB9B3A = {
						CreatedOnToolsVersion = 8.3;
						DevelopmentTeam = ZBDQM5KN5Q;
						ProvisioningStyle = Automatic;
					};
					D01A76FF1E8BEF7100EB9B3A = {
						CreatedOnToolsVersion = 8.3;
						ProvisioningStyle = Automatic;
						TestTargetID = D01A76EB1E8BEF7100EB9B3A;
					};
					D01A770A1E8BEF7200EB9B3A = {
						CreatedOnToolsVersion = 8.3;
						ProvisioningStyle = Automatic;
						TestTargetID = D01A76EB1E8BEF7100EB9B3A;
					};
				};
			};
			buildConfigurationList = D01A76E71E8BEF7100EB9B3A /* Build configuration list for PBXProject "Photorama" */;
			compatibilityVersion = "Xcode 3.2";
			developmentRegion = English;
			hasScannedForEncodings = 0;
			knownRegions = (
				en,
				Base,
			);
			mainGroup = D01A76E31E8BEF7100EB9B3A;
			productRefGroup = D01A76ED1E8BEF7100EB9B3A /* Products */;
			projectDirPath = "";
			projectRoot = "";
			targets = (
				D01A76EB1E8BEF7100EB9B3A /* Photorama */,
				D01A76FF1E8BEF7100EB9B3A /* PhotoramaTests */,
				D01A770A1E8BEF7200EB9B3A /* PhotoramaUITests */,
			);
		};
/* End PBXProject section */

/* Begin PBXResourcesBuildPhase section */
		D01A76EA1E8BEF7100EB9B3A /* Resources */ = {
			isa = PBXResourcesBuildPhase;
			buildActionMask = 2147483647;
			files = (
				D01A76FA1E8BEF7100EB9B3A /* LaunchScreen.storyboard in Resources */,
				D01A76F71E8BEF7100EB9B3A /* Assets.xcassets in Resources */,
				D01A76F51E8BEF7100EB9B3A /* Main.storyboard in Resources */,
			);
			runOnlyForDeploymentPostprocessing = 0;
		};
		D01A76FE1E8BEF7100EB9B3A /* Resources */ = {
			isa = PBXResourcesBuildPhase;
			buildActionMask = 2147483647;
			files = (
			);
			runOnlyForDeploymentPostprocessing = 0;
		};
		D01A77091E8BEF7200EB9B3A /* Resources */ = {
			isa = PBXResourcesBuildPhase;
			buildActionMask = 2147483647;
			files = (
			);
			runOnlyForDeploymentPostprocessing = 0;
		};
/* End PBXResourcesBuildPhase section */

/* Begin PBXSourcesBuildPhase section */
		D01A76E81E8BEF7100EB9B3A /* Sources */ = {
			isa = PBXSourcesBuildPhase;
			buildActionMask = 2147483647;
			files = (
				D00B44891E8C377D0043D584 /* Photo+CoreDataClass.swift in Sources */,
				D01A771E1E8BF43A00EB9B3A /* FlickrAPI.swift in Sources */,
				D01A76F21E8BEF7100EB9B3A /* PhotosViewController.swift in Sources */,
				D01A77201E8BFAAC00EB9B3A /* PhotoStore.swift in Sources */,
				D00B44811E8C30770043D584 /* ImageStore.swift in Sources */,
				D00B447D1E8C2B6B0043D584 /* PhotoDataSource.swift in Sources */,
				D00B44861E8C368C0043D584 /* Photorama.xcdatamodeld in Sources */,
				D00B447F1E8C2CB50043D584 /* PhotoCollectionViewCell.swift in Sources */,
				D00B448A1E8C377D0043D584 /* Photo+CoreDataProperties.swift in Sources */,
				D01A76F01E8BEF7100EB9B3A /* AppDelegate.swift in Sources */,
				D00B44831E8C32EC0043D584 /* PhotoInfoViewController.swift in Sources */,
			);
			runOnlyForDeploymentPostprocessing = 0;
		};
		D01A76FC1E8BEF7100EB9B3A /* Sources */ = {
			isa = PBXSourcesBuildPhase;
			buildActionMask = 2147483647;
			files = (
				D01A77051E8BEF7200EB9B3A /* PhotoramaTests.swift in Sources */,
			);
			runOnlyForDeploymentPostprocessing = 0;
		};
		D01A77071E8BEF7200EB9B3A /* Sources */ = {
			isa = PBXSourcesBuildPhase;
			buildActionMask = 2147483647;
			files = (
				D01A77101E8BEF7200EB9B3A /* PhotoramaUITests.swift in Sources */,
			);
			runOnlyForDeploymentPostprocessing = 0;
		};
/* End PBXSourcesBuildPhase section */

/* Begin PBXTargetDependency section */
		D01A77021E8BEF7100EB9B3A /* PBXTargetDependency */ = {
			isa = PBXTargetDependency;
			target = D01A76EB1E8BEF7100EB9B3A /* Photorama */;
			targetProxy = D01A77011E8BEF7100EB9B3A /* PBXContainerItemProxy */;
		};
		D01A770D1E8BEF7200EB9B3A /* PBXTargetDependency */ = {
			isa = PBXTargetDependency;
			target = D01A76EB1E8BEF7100EB9B3A /* Photorama */;
			targetProxy = D01A770C1E8BEF7200EB9B3A /* PBXContainerItemProxy */;
		};
/* End PBXTargetDependency section */

/* Begin PBXVariantGroup section */
		D01A76F31E8BEF7100EB9B3A /* Main.storyboard */ = {
			isa = PBXVariantGroup;
			children = (
				D01A76F41E8BEF7100EB9B3A /* Base */,
			);
			name = Main.storyboard;
			sourceTree = "<group>";
		};
		D01A76F81E8BEF7100EB9B3A /* LaunchScreen.storyboard */ = {
			isa = PBXVariantGroup;
			children = (
				D01A76F91E8BEF7100EB9B3A /* Base */,
			);
			name = LaunchScreen.storyboard;
			sourceTree = "<group>";
		};
/* End PBXVariantGroup section */

/* Begin XCBuildConfiguration section */
		D01A77121E8BEF7200EB9B3A /* Debug */ = {
			isa = XCBuildConfiguration;
			buildSettings = {
				ALWAYS_SEARCH_USER_PATHS = NO;
				CLANG_ANALYZER_NONNULL = YES;
				CLANG_ANALYZER_NUMBER_OBJECT_CONVERSION = YES_AGGRESSIVE;
				CLANG_CXX_LANGUAGE_STANDARD = "gnu++0x";
				CLANG_CXX_LIBRARY = "libc++";
				CLANG_ENABLE_MODULES = YES;
				CLANG_ENABLE_OBJC_ARC = YES;
				CLANG_WARN_BOOL_CONVERSION = YES;
				CLANG_WARN_CONSTANT_CONVERSION = YES;
				CLANG_WARN_DIRECT_OBJC_ISA_USAGE = YES_ERROR;
				CLANG_WARN_DOCUMENTATION_COMMENTS = YES;
				CLANG_WARN_EMPTY_BODY = YES;
				CLANG_WARN_ENUM_CONVERSION = YES;
				CLANG_WARN_INFINITE_RECURSION = YES;
				CLANG_WARN_INT_CONVERSION = YES;
				CLANG_WARN_OBJC_ROOT_CLASS = YES_ERROR;
				CLANG_WARN_SUSPICIOUS_MOVE = YES;
				CLANG_WARN_UNREACHABLE_CODE = YES;
				CLANG_WARN__DUPLICATE_METHOD_MATCH = YES;
				"CODE_SIGN_IDENTITY[sdk=iphoneos*]" = "iPhone Developer";
				COPY_PHASE_STRIP = NO;
				DEBUG_INFORMATION_FORMAT = dwarf;
				ENABLE_STRICT_OBJC_MSGSEND = YES;
				ENABLE_TESTABILITY = YES;
				GCC_C_LANGUAGE_STANDARD = gnu99;
				GCC_DYNAMIC_NO_PIC = NO;
				GCC_NO_COMMON_BLOCKS = YES;
				GCC_OPTIMIZATION_LEVEL = 0;
				GCC_PREPROCESSOR_DEFINITIONS = (
					"DEBUG=1",
					"$(inherited)",
				);
				GCC_WARN_64_TO_32_BIT_CONVERSION = YES;
				GCC_WARN_ABOUT_RETURN_TYPE = YES_ERROR;
				GCC_WARN_UNDECLARED_SELECTOR = YES;
				GCC_WARN_UNINITIALIZED_AUTOS = YES_AGGRESSIVE;
				GCC_WARN_UNUSED_FUNCTION = YES;
				GCC_WARN_UNUSED_VARIABLE = YES;
				IPHONEOS_DEPLOYMENT_TARGET = 10.3;
				MTL_ENABLE_DEBUG_INFO = YES;
				ONLY_ACTIVE_ARCH = YES;
				SDKROOT = iphoneos;
				SWIFT_ACTIVE_COMPILATION_CONDITIONS = DEBUG;
				SWIFT_OPTIMIZATION_LEVEL = "-Onone";
				TARGETED_DEVICE_FAMILY = "1,2";
			};
			name = Debug;
		};
		D01A77131E8BEF7200EB9B3A /* Release */ = {
			isa = XCBuildConfiguration;
			buildSettings = {
				ALWAYS_SEARCH_USER_PATHS = NO;
				CLANG_ANALYZER_NONNULL = YES;
				CLANG_ANALYZER_NUMBER_OBJECT_CONVERSION = YES_AGGRESSIVE;
				CLANG_CXX_LANGUAGE_STANDARD = "gnu++0x";
				CLANG_CXX_LIBRARY = "libc++";
				CLANG_ENABLE_MODULES = YES;
				CLANG_ENABLE_OBJC_ARC = YES;
				CLANG_WARN_BOOL_CONVERSION = YES;
				CLANG_WARN_CONSTANT_CONVERSION = YES;
				CLANG_WARN_DIRECT_OBJC_ISA_USAGE = YES_ERROR;
				CLANG_WARN_DOCUMENTATION_COMMENTS = YES;
				CLANG_WARN_EMPTY_BODY = YES;
				CLANG_WARN_ENUM_CONVERSION = YES;
				CLANG_WARN_INFINITE_RECURSION = YES;
				CLANG_WARN_INT_CONVERSION = YES;
				CLANG_WARN_OBJC_ROOT_CLASS = YES_ERROR;
				CLANG_WARN_SUSPICIOUS_MOVE = YES;
				CLANG_WARN_UNREACHABLE_CODE = YES;
				CLANG_WARN__DUPLICATE_METHOD_MATCH = YES;
				"CODE_SIGN_IDENTITY[sdk=iphoneos*]" = "iPhone Developer";
				COPY_PHASE_STRIP = NO;
				DEBUG_INFORMATION_FORMAT = "dwarf-with-dsym";
				ENABLE_NS_ASSERTIONS = NO;
				ENABLE_STRICT_OBJC_MSGSEND = YES;
				GCC_C_LANGUAGE_STANDARD = gnu99;
				GCC_NO_COMMON_BLOCKS = YES;
				GCC_WARN_64_TO_32_BIT_CONVERSION = YES;
				GCC_WARN_ABOUT_RETURN_TYPE = YES_ERROR;
				GCC_WARN_UNDECLARED_SELECTOR = YES;
				GCC_WARN_UNINITIALIZED_AUTOS = YES_AGGRESSIVE;
				GCC_WARN_UNUSED_FUNCTION = YES;
				GCC_WARN_UNUSED_VARIABLE = YES;
				IPHONEOS_DEPLOYMENT_TARGET = 10.3;
				MTL_ENABLE_DEBUG_INFO = NO;
				SDKROOT = iphoneos;
				SWIFT_OPTIMIZATION_LEVEL = "-Owholemodule";
				TARGETED_DEVICE_FAMILY = "1,2";
				VALIDATE_PRODUCT = YES;
			};
			name = Release;
		};
		D01A77151E8BEF7200EB9B3A /* Debug */ = {
			isa = XCBuildConfiguration;
			buildSettings = {
				ASSETCATALOG_COMPILER_APPICON_NAME = AppIcon;
				DEVELOPMENT_TEAM = ZBDQM5KN5Q;
				INFOPLIST_FILE = Photorama/Info.plist;
				LD_RUNPATH_SEARCH_PATHS = "$(inherited) @executable_path/Frameworks";
				PRODUCT_BUNDLE_IDENTIFIER = com.ecsg.Photorama;
				PRODUCT_NAME = "$(TARGET_NAME)";
				SWIFT_VERSION = 3.0;
			};
			name = Debug;
		};
		D01A77161E8BEF7200EB9B3A /* Release */ = {
			isa = XCBuildConfiguration;
			buildSettings = {
				ASSETCATALOG_COMPILER_APPICON_NAME = AppIcon;
				DEVELOPMENT_TEAM = ZBDQM5KN5Q;
				INFOPLIST_FILE = Photorama/Info.plist;
				LD_RUNPATH_SEARCH_PATHS = "$(inherited) @executable_path/Frameworks";
				PRODUCT_BUNDLE_IDENTIFIER = com.ecsg.Photorama;
				PRODUCT_NAME = "$(TARGET_NAME)";
				SWIFT_VERSION = 3.0;
			};
			name = Release;
		};
		D01A77181E8BEF7200EB9B3A /* Debug */ = {
			isa = XCBuildConfiguration;
			buildSettings = {
				ALWAYS_EMBED_SWIFT_STANDARD_LIBRARIES = YES;
				BUNDLE_LOADER = "$(TEST_HOST)";
				INFOPLIST_FILE = PhotoramaTests/Info.plist;
				LD_RUNPATH_SEARCH_PATHS = "$(inherited) @executable_path/Frameworks @loader_path/Frameworks";
				PRODUCT_BUNDLE_IDENTIFIER = com.ecsg.PhotoramaTests;
				PRODUCT_NAME = "$(TARGET_NAME)";
				SWIFT_VERSION = 3.0;
				TEST_HOST = "$(BUILT_PRODUCTS_DIR)/Photorama.app/Photorama";
			};
			name = Debug;
		};
		D01A77191E8BEF7200EB9B3A /* Release */ = {
			isa = XCBuildConfiguration;
			buildSettings = {
				ALWAYS_EMBED_SWIFT_STANDARD_LIBRARIES = YES;
				BUNDLE_LOADER = "$(TEST_HOST)";
				INFOPLIST_FILE = PhotoramaTests/Info.plist;
				LD_RUNPATH_SEARCH_PATHS = "$(inherited) @executable_path/Frameworks @loader_path/Frameworks";
				PRODUCT_BUNDLE_IDENTIFIER = com.ecsg.PhotoramaTests;
				PRODUCT_NAME = "$(TARGET_NAME)";
				SWIFT_VERSION = 3.0;
				TEST_HOST = "$(BUILT_PRODUCTS_DIR)/Photorama.app/Photorama";
			};
			name = Release;
		};
		D01A771B1E8BEF7200EB9B3A /* Debug */ = {
			isa = XCBuildConfiguration;
			buildSettings = {
				ALWAYS_EMBED_SWIFT_STANDARD_LIBRARIES = YES;
				INFOPLIST_FILE = PhotoramaUITests/Info.plist;
				LD_RUNPATH_SEARCH_PATHS = "$(inherited) @executable_path/Frameworks @loader_path/Frameworks";
				PRODUCT_BUNDLE_IDENTIFIER = com.ecsg.PhotoramaUITests;
				PRODUCT_NAME = "$(TARGET_NAME)";
				SWIFT_VERSION = 3.0;
				TEST_TARGET_NAME = Photorama;
			};
			name = Debug;
		};
		D01A771C1E8BEF7200EB9B3A /* Release */ = {
			isa = XCBuildConfiguration;
			buildSettings = {
				ALWAYS_EMBED_SWIFT_STANDARD_LIBRARIES = YES;
				INFOPLIST_FILE = PhotoramaUITests/Info.plist;
				LD_RUNPATH_SEARCH_PATHS = "$(inherited) @executable_path/Frameworks @loader_path/Frameworks";
				PRODUCT_BUNDLE_IDENTIFIER = com.ecsg.PhotoramaUITests;
				PRODUCT_NAME = "$(TARGET_NAME)";
				SWIFT_VERSION = 3.0;
				TEST_TARGET_NAME = Photorama;
			};
			name = Release;
		};
/* End XCBuildConfiguration section */

/* Begin XCConfigurationList section */
		D01A76E71E8BEF7100EB9B3A /* Build configuration list for PBXProject "Photorama" */ = {
			isa = XCConfigurationList;
			buildConfigurations = (
				D01A77121E8BEF7200EB9B3A /* Debug */,
				D01A77131E8BEF7200EB9B3A /* Release */,
			);
			defaultConfigurationIsVisible = 0;
			defaultConfigurationName = Release;
		};
		D01A77141E8BEF7200EB9B3A /* Build configuration list for PBXNativeTarget "Photorama" */ = {
			isa = XCConfigurationList;
			buildConfigurations = (
				D01A77151E8BEF7200EB9B3A /* Debug */,
				D01A77161E8BEF7200EB9B3A /* Release */,
			);
			defaultConfigurationIsVisible = 0;
			defaultConfigurationName = Release;
		};
		D01A77171E8BEF7200EB9B3A /* Build configuration list for PBXNativeTarget "PhotoramaTests" */ = {
			isa = XCConfigurationList;
			buildConfigurations = (
				D01A77181E8BEF7200EB9B3A /* Debug */,
				D01A77191E8BEF7200EB9B3A /* Release */,
			);
			defaultConfigurationIsVisible = 0;
			defaultConfigurationName = Release;
		};
		D01A771A1E8BEF7200EB9B3A /* Build configuration list for PBXNativeTarget "PhotoramaUITests" */ = {
			isa = XCConfigurationList;
			buildConfigurations = (
				D01A771B1E8BEF7200EB9B3A /* Debug */,
				D01A771C1E8BEF7200EB9B3A /* Release */,
			);
			defaultConfigurationIsVisible = 0;
			defaultConfigurationName = Release;
		};
/* End XCConfigurationList section */

/* Begin XCVersionGroup section */
		D00B44841E8C368C0043D584 /* Photorama.xcdatamodeld */ = {
			isa = XCVersionGroup;
			children = (
				D00B44851E8C368C0043D584 /* Photorama.xcdatamodel */,
			);
			currentVersion = D00B44851E8C368C0043D584 /* Photorama.xcdatamodel */;
			path = Photorama.xcdatamodeld;
			sourceTree = "<group>";
			versionGroupType = wrapper.xcdatamodel;
		};
/* End XCVersionGroup section */
	};
	rootObject = D01A76E41E8BEF7100EB9B3A /* Project object */;
}
